
Microsoft Visual Studio Solution File, Format Version 12.00
# Visual Studio Version 17
VisualStudioVersion = 17.5.002.0
MinimumVisualStudioVersion = 10.0.40219.1
Project("{9A19103F-16F7-4668-BE54-9A1E7A4F7556}") = "PasswordGenerator", "PasswordGenerator.csproj", "{1E75384E-6B5E-4528-AA95-AC62146F92A2}"
EndProject
Global
	GlobalSection(SolutionConfigurationPlatforms) = preSolution
		Debug|Any CPU = Debug|Any CPU
		Release|Any CPU = Release|Any CPU
	EndGlobalSection
	GlobalSection(ProjectConfigurationPlatforms) = postSolution
		{1E75384E-6B5E-4528-AA95-AC62146F92A2}.Debug|Any CPU.ActiveCfg = Debug|Any CPU
		{1E75384E-6B5E-4528-AA95-AC62146F92A2}.Debug|Any CPU.Build.0 = Debug|Any CPU
		{1E75384E-6B5E-4528-AA95-AC62146F92A2}.Release|Any CPU.ActiveCfg = Release|Any CPU
		{1E75384E-6B5E-4528-AA95-AC62146F92A2}.Release|Any CPU.Build.0 = Release|Any CPU
	EndGlobalSection
	GlobalSection(SolutionProperties) = preSolution
		HideSolutionNode = FALSE
	EndGlobalSection
	GlobalSection(ExtensibilityGlobals) = postSolution
		SolutionGuid = {C7CA1EB9-6285-4EFE-8008-FD1B7FDCDE6F}
	EndGlobalSection
EndGlobal
